
Microsoft Visual Studio Solution File, Format Version 12.00
Project("{FAE04EC0-301F-11D3-BF4B-00C04F79EFBC}") = "AdventOfCode25", "AdventOfCode25\AdventOfCode25.csproj", "{AF3E95CC-B360-4A69-A0D9-7C453B6D4607}"
EndProject
Global
	GlobalSection(SolutionConfigurationPlatforms) = preSolution
		Debug|Any CPU = Debug|Any CPU
		Release|Any CPU = Release|Any CPU
	EndGlobalSection
	GlobalSection(ProjectConfigurationPlatforms) = postSolution
		{AF3E95CC-B360-4A69-A0D9-7C453B6D4607}.Debug|Any CPU.ActiveCfg = Debug|Any CPU
		{AF3E95CC-B360-4A69-A0D9-7C453B6D4607}.Debug|Any CPU.Build.0 = Debug|Any CPU
		{AF3E95CC-B360-4A69-A0D9-7C453B6D4607}.Release|Any CPU.ActiveCfg = Release|Any CPU
		{AF3E95CC-B360-4A69-A0D9-7C453B6D4607}.Release|Any CPU.Build.0 = Release|Any CPU
	EndGlobalSection
EndGlobal
